// !$*UTF8*$!
{
	archiveVersion = 1;
	classes = {
	};
	objectVersion = 48;
	objects = {

/* Begin PBXBuildFile section */
		13210CD11E359C8502F683E5 /* Pods_ODRIBAUITests.framework in Frameworks */ = {isa = PBXBuildFile; fileRef = 2B4B43D6FF262636AAA5EFE2 /* Pods_ODRIBAUITests.framework */; };
		1FB543E1B158BBF011051A49 /* Pods_ODRIBATests.framework in Frameworks */ = {isa = PBXBuildFile; fileRef = AA127C6F2613362EA1B5F5E6 /* Pods_ODRIBATests.framework */; };
		A27990DF1F9AE41500A60788 /* AppDelegate.swift in Sources */ = {isa = PBXBuildFile; fileRef = A27990DE1F9AE41500A60788 /* AppDelegate.swift */; };
		A27990E11F9AE41500A60788 /* MainViewController.swift in Sources */ = {isa = PBXBuildFile; fileRef = A27990E01F9AE41500A60788 /* MainViewController.swift */; };
		A27990E41F9AE41500A60788 /* Main.storyboard in Resources */ = {isa = PBXBuildFile; fileRef = A27990E21F9AE41500A60788 /* Main.storyboard */; };
		A27990E61F9AE41500A60788 /* Assets.xcassets in Resources */ = {isa = PBXBuildFile; fileRef = A27990E51F9AE41500A60788 /* Assets.xcassets */; };
		A27990E91F9AE41500A60788 /* LaunchScreen.storyboard in Resources */ = {isa = PBXBuildFile; fileRef = A27990E71F9AE41500A60788 /* LaunchScreen.storyboard */; };
		A27990F41F9AE41600A60788 /* ODRIBATests.swift in Sources */ = {isa = PBXBuildFile; fileRef = A27990F31F9AE41600A60788 /* ODRIBATests.swift */; };
		A27990FF1F9AE41600A60788 /* ODRIBAUITests.swift in Sources */ = {isa = PBXBuildFile; fileRef = A27990FE1F9AE41600A60788 /* ODRIBAUITests.swift */; };
		A28736301F9C39B600E1764A /* MediaPlayer.framework in Frameworks */ = {isa = PBXBuildFile; fileRef = A287362F1F9C39B600E1764A /* MediaPlayer.framework */; };
		A295258C1F9AF114007BCE3C /* EditViewController.swift in Sources */ = {isa = PBXBuildFile; fileRef = A295258B1F9AF114007BCE3C /* EditViewController.swift */; };
		A2A0EE1D1F9AEC900022FD36 /* TriangleButton.swift in Sources */ = {isa = PBXBuildFile; fileRef = A2A0EE1B1F9AEC900022FD36 /* TriangleButton.swift */; };
		A2A0EE1E1F9AEC900022FD36 /* InvertedTriangleButton.swift in Sources */ = {isa = PBXBuildFile; fileRef = A2A0EE1C1F9AEC900022FD36 /* InvertedTriangleButton.swift */; };
		A2AF7DE21F9CC5D500117D44 /* AudioManager.swift in Sources */ = {isa = PBXBuildFile; fileRef = A2AF7DE11F9CC5D500117D44 /* AudioManager.swift */; };
		A2AF7DE41F9CD26C00117D44 /* CreditViewController.swift in Sources */ = {isa = PBXBuildFile; fileRef = A2AF7DE31F9CD26C00117D44 /* CreditViewController.swift */; };
		A2AF7DE81F9ECF7C00117D44 /* information.png in Resources */ = {isa = PBXBuildFile; fileRef = A2AF7DE51F9ECF7A00117D44 /* information.png */; };
		A6789C17F5D773087AB326E8 /* Pods_ODRIBA.framework in Frameworks */ = {isa = PBXBuildFile; fileRef = 2D52F1B8D54CABD317901D35 /* Pods_ODRIBA.framework */; };
/* End PBXBuildFile section */

/* Begin PBXContainerItemProxy section */
		A27990F01F9AE41600A60788 /* PBXContainerItemProxy */ = {
			isa = PBXContainerItemProxy;
			containerPortal = A27990D31F9AE41500A60788 /* Project object */;
			proxyType = 1;
			remoteGlobalIDString = A27990DA1F9AE41500A60788;
			remoteInfo = ODRIBA;
		};
		A27990FB1F9AE41600A60788 /* PBXContainerItemProxy */ = {
			isa = PBXContainerItemProxy;
			containerPortal = A27990D31F9AE41500A60788 /* Project object */;
			proxyType = 1;
			remoteGlobalIDString = A27990DA1F9AE41500A60788;
			remoteInfo = ODRIBA;
		};
/* End PBXContainerItemProxy section */

/* Begin PBXFileReference section */
		2B4B43D6FF262636AAA5EFE2 /* Pods_ODRIBAUITests.framework */ = {isa = PBXFileReference; explicitFileType = wrapper.framework; includeInIndex = 0; path = Pods_ODRIBAUITests.framework; sourceTree = BUILT_PRODUCTS_DIR; };
		2D52F1B8D54CABD317901D35 /* Pods_ODRIBA.framework */ = {isa = PBXFileReference; explicitFileType = wrapper.framework; includeInIndex = 0; path = Pods_ODRIBA.framework; sourceTree = BUILT_PRODUCTS_DIR; };
		335C27C22A8D20900FFC3C92 /* Pods-ODRIBAUITests.debug.xcconfig */ = {isa = PBXFileReference; includeInIndex = 1; lastKnownFileType = text.xcconfig; name = "Pods-ODRIBAUITests.debug.xcconfig"; path = "Pods/Target Support Files/Pods-ODRIBAUITests/Pods-ODRIBAUITests.debug.xcconfig"; sourceTree = "<group>"; };
		7CFAA26B44D5E9A83DCA1D79 /* Pods-ODRIBATests.debug.xcconfig */ = {isa = PBXFileReference; includeInIndex = 1; lastKnownFileType = text.xcconfig; name = "Pods-ODRIBATests.debug.xcconfig"; path = "Pods/Target Support Files/Pods-ODRIBATests/Pods-ODRIBATests.debug.xcconfig"; sourceTree = "<group>"; };
		9A4BBE1510B4CA5B2026D208 /* Pods-ODRIBA.release.xcconfig */ = {isa = PBXFileReference; includeInIndex = 1; lastKnownFileType = text.xcconfig; name = "Pods-ODRIBA.release.xcconfig"; path = "Pods/Target Support Files/Pods-ODRIBA/Pods-ODRIBA.release.xcconfig"; sourceTree = "<group>"; };
		A27990DB1F9AE41500A60788 /* ODRIBA.app */ = {isa = PBXFileReference; explicitFileType = wrapper.application; includeInIndex = 0; path = ODRIBA.app; sourceTree = BUILT_PRODUCTS_DIR; };
		A27990DE1F9AE41500A60788 /* AppDelegate.swift */ = {isa = PBXFileReference; lastKnownFileType = sourcecode.swift; path = AppDelegate.swift; sourceTree = "<group>"; };
		A27990E01F9AE41500A60788 /* MainViewController.swift */ = {isa = PBXFileReference; lastKnownFileType = sourcecode.swift; path = MainViewController.swift; sourceTree = "<group>"; };
		A27990E31F9AE41500A60788 /* Base */ = {isa = PBXFileReference; lastKnownFileType = file.storyboard; name = Base; path = Base.lproj/Main.storyboard; sourceTree = "<group>"; };
		A27990E51F9AE41500A60788 /* Assets.xcassets */ = {isa = PBXFileReference; lastKnownFileType = folder.assetcatalog; path = Assets.xcassets; sourceTree = "<group>"; };
		A27990E81F9AE41500A60788 /* Base */ = {isa = PBXFileReference; lastKnownFileType = file.storyboard; name = Base; path = Base.lproj/LaunchScreen.storyboard; sourceTree = "<group>"; };
		A27990EA1F9AE41500A60788 /* Info.plist */ = {isa = PBXFileReference; lastKnownFileType = text.plist.xml; path = Info.plist; sourceTree = "<group>"; };
		A27990EF1F9AE41600A60788 /* ODRIBATests.xctest */ = {isa = PBXFileReference; explicitFileType = wrapper.cfbundle; includeInIndex = 0; path = ODRIBATests.xctest; sourceTree = BUILT_PRODUCTS_DIR; };
		A27990F31F9AE41600A60788 /* ODRIBATests.swift */ = {isa = PBXFileReference; lastKnownFileType = sourcecode.swift; path = ODRIBATests.swift; sourceTree = "<group>"; };
		A27990F51F9AE41600A60788 /* Info.plist */ = {isa = PBXFileReference; lastKnownFileType = text.plist.xml; path = Info.plist; sourceTree = "<group>"; };
		A27990FA1F9AE41600A60788 /* ODRIBAUITests.xctest */ = {isa = PBXFileReference; explicitFileType = wrapper.cfbundle; includeInIndex = 0; path = ODRIBAUITests.xctest; sourceTree = BUILT_PRODUCTS_DIR; };
		A27990FE1F9AE41600A60788 /* ODRIBAUITests.swift */ = {isa = PBXFileReference; lastKnownFileType = sourcecode.swift; path = ODRIBAUITests.swift; sourceTree = "<group>"; };
		A27991001F9AE41600A60788 /* Info.plist */ = {isa = PBXFileReference; lastKnownFileType = text.plist.xml; path = Info.plist; sourceTree = "<group>"; };
		A287362F1F9C39B600E1764A /* MediaPlayer.framework */ = {isa = PBXFileReference; lastKnownFileType = wrapper.framework; name = MediaPlayer.framework; path = System/Library/Frameworks/MediaPlayer.framework; sourceTree = SDKROOT; };
		A295258B1F9AF114007BCE3C /* EditViewController.swift */ = {isa = PBXFileReference; lastKnownFileType = sourcecode.swift; path = EditViewController.swift; sourceTree = "<group>"; };
		A2A0EE1B1F9AEC900022FD36 /* TriangleButton.swift */ = {isa = PBXFileReference; fileEncoding = 4; lastKnownFileType = sourcecode.swift; name = TriangleButton.swift; path = "../../三角形ボタンサンプル/TriangleButton.swift"; sourceTree = "<group>"; };
		A2A0EE1C1F9AEC900022FD36 /* InvertedTriangleButton.swift */ = {isa = PBXFileReference; fileEncoding = 4; lastKnownFileType = sourcecode.swift; name = InvertedTriangleButton.swift; path = "../../三角形ボタンサンプル/InvertedTriangleButton.swift"; sourceTree = "<group>"; };
		A2AF7DE11F9CC5D500117D44 /* AudioManager.swift */ = {isa = PBXFileReference; fileEncoding = 4; lastKnownFileType = sourcecode.swift; name = AudioManager.swift; path = ../../WalkMan/WalkMan/AudioManager.swift; sourceTree = "<group>"; };
		A2AF7DE31F9CD26C00117D44 /* CreditViewController.swift */ = {isa = PBXFileReference; lastKnownFileType = sourcecode.swift; path = CreditViewController.swift; sourceTree = "<group>"; };
		A2AF7DE51F9ECF7A00117D44 /* information.png */ = {isa = PBXFileReference; lastKnownFileType = image.png; name = information.png; path = ../../ODRIBA_media/resize_image/information.png; sourceTree = "<group>"; };
		AA127C6F2613362EA1B5F5E6 /* Pods_ODRIBATests.framework */ = {isa = PBXFileReference; explicitFileType = wrapper.framework; includeInIndex = 0; path = Pods_ODRIBATests.framework; sourceTree = BUILT_PRODUCTS_DIR; };
		CF6C837B16E458B602C78F98 /* Pods-ODRIBATests.release.xcconfig */ = {isa = PBXFileReference; includeInIndex = 1; lastKnownFileType = text.xcconfig; name = "Pods-ODRIBATests.release.xcconfig"; path = "Pods/Target Support Files/Pods-ODRIBATests/Pods-ODRIBATests.release.xcconfig"; sourceTree = "<group>"; };
		E394F753D993EF09BD51FC5D /* Pods-ODRIBA.debug.xcconfig */ = {isa = PBXFileReference; includeInIndex = 1; lastKnownFileType = text.xcconfig; name = "Pods-ODRIBA.debug.xcconfig"; path = "Pods/Target Support Files/Pods-ODRIBA/Pods-ODRIBA.debug.xcconfig"; sourceTree = "<group>"; };
		EA6EA7F45C0553B1A469A566 /* Pods-ODRIBAUITests.release.xcconfig */ = {isa = PBXFileReference; includeInIndex = 1; lastKnownFileType = text.xcconfig; name = "Pods-ODRIBAUITests.release.xcconfig"; path = "Pods/Target Support Files/Pods-ODRIBAUITests/Pods-ODRIBAUITests.release.xcconfig"; sourceTree = "<group>"; };
/* End PBXFileReference section */

/* Begin PBXFrameworksBuildPhase section */
		A27990D81F9AE41500A60788 /* Frameworks */ = {
			isa = PBXFrameworksBuildPhase;
			buildActionMask = 2147483647;
			files = (
				A28736301F9C39B600E1764A /* MediaPlayer.framework in Frameworks */,
				A6789C17F5D773087AB326E8 /* Pods_ODRIBA.framework in Frameworks */,
			);
			runOnlyForDeploymentPostprocessing = 0;
		};
		A27990EC1F9AE41600A60788 /* Frameworks */ = {
			isa = PBXFrameworksBuildPhase;
			buildActionMask = 2147483647;
			files = (
				1FB543E1B158BBF011051A49 /* Pods_ODRIBATests.framework in Frameworks */,
			);
			runOnlyForDeploymentPostprocessing = 0;
		};
		A27990F71F9AE41600A60788 /* Frameworks */ = {
			isa = PBXFrameworksBuildPhase;
			buildActionMask = 2147483647;
			files = (
				13210CD11E359C8502F683E5 /* Pods_ODRIBAUITests.framework in Frameworks */,
			);
			runOnlyForDeploymentPostprocessing = 0;
		};
/* End PBXFrameworksBuildPhase section */

/* Begin PBXGroup section */
		99B980C38E7E9E77706761B7 /* Pods */ = {
			isa = PBXGroup;
			children = (
				E394F753D993EF09BD51FC5D /* Pods-ODRIBA.debug.xcconfig */,
				9A4BBE1510B4CA5B2026D208 /* Pods-ODRIBA.release.xcconfig */,
				7CFAA26B44D5E9A83DCA1D79 /* Pods-ODRIBATests.debug.xcconfig */,
				CF6C837B16E458B602C78F98 /* Pods-ODRIBATests.release.xcconfig */,
				335C27C22A8D20900FFC3C92 /* Pods-ODRIBAUITests.debug.xcconfig */,
				EA6EA7F45C0553B1A469A566 /* Pods-ODRIBAUITests.release.xcconfig */,
			);
			name = Pods;
			sourceTree = "<group>";
		};
		A27990D21F9AE41500A60788 = {
			isa = PBXGroup;
			children = (
				A27990DD1F9AE41500A60788 /* ODRIBA */,
				A27990F21F9AE41600A60788 /* ODRIBATests */,
				A27990FD1F9AE41600A60788 /* ODRIBAUITests */,
				A27990DC1F9AE41500A60788 /* Products */,
				99B980C38E7E9E77706761B7 /* Pods */,
				B25B2E15CF1815EFD9756981 /* Frameworks */,
			);
			sourceTree = "<group>";
		};
		A27990DC1F9AE41500A60788 /* Products */ = {
			isa = PBXGroup;
			children = (
				A27990DB1F9AE41500A60788 /* ODRIBA.app */,
				A27990EF1F9AE41600A60788 /* ODRIBATests.xctest */,
				A27990FA1F9AE41600A60788 /* ODRIBAUITests.xctest */,
			);
			name = Products;
			sourceTree = "<group>";
		};
		A27990DD1F9AE41500A60788 /* ODRIBA */ = {
			isa = PBXGroup;
			children = (
				A2AF7DE51F9ECF7A00117D44 /* information.png */,
				A27990DE1F9AE41500A60788 /* AppDelegate.swift */,
				A2AF7DE31F9CD26C00117D44 /* CreditViewController.swift */,
				A27990E01F9AE41500A60788 /* MainViewController.swift */,
				A27990E21F9AE41500A60788 /* Main.storyboard */,
				A27990E51F9AE41500A60788 /* Assets.xcassets */,
				A27990E71F9AE41500A60788 /* LaunchScreen.storyboard */,
				A27990EA1F9AE41500A60788 /* Info.plist */,
				A2AF7DE11F9CC5D500117D44 /* AudioManager.swift */,
				A2A0EE1C1F9AEC900022FD36 /* InvertedTriangleButton.swift */,
				A295258B1F9AF114007BCE3C /* EditViewController.swift */,
				A2A0EE1B1F9AEC900022FD36 /* TriangleButton.swift */,
			);
			path = ODRIBA;
			sourceTree = "<group>";
		};
		A27990F21F9AE41600A60788 /* ODRIBATests */ = {
			isa = PBXGroup;
			children = (
				A27990F31F9AE41600A60788 /* ODRIBATests.swift */,
				A27990F51F9AE41600A60788 /* Info.plist */,
			);
			path = ODRIBATests;
			sourceTree = "<group>";
		};
		A27990FD1F9AE41600A60788 /* ODRIBAUITests */ = {
			isa = PBXGroup;
			children = (
				A27990FE1F9AE41600A60788 /* ODRIBAUITests.swift */,
				A27991001F9AE41600A60788 /* Info.plist */,
			);
			path = ODRIBAUITests;
			sourceTree = "<group>";
		};
		B25B2E15CF1815EFD9756981 /* Frameworks */ = {
			isa = PBXGroup;
			children = (
				A287362F1F9C39B600E1764A /* MediaPlayer.framework */,
				2D52F1B8D54CABD317901D35 /* Pods_ODRIBA.framework */,
				AA127C6F2613362EA1B5F5E6 /* Pods_ODRIBATests.framework */,
				2B4B43D6FF262636AAA5EFE2 /* Pods_ODRIBAUITests.framework */,
			);
			name = Frameworks;
			sourceTree = "<group>";
		};
/* End PBXGroup section */

/* Begin PBXNativeTarget section */
		A27990DA1F9AE41500A60788 /* ODRIBA */ = {
			isa = PBXNativeTarget;
			buildConfigurationList = A27991031F9AE41600A60788 /* Build configuration list for PBXNativeTarget "ODRIBA" */;
			buildPhases = (
				B6D42578FDA49A1A3C8C2172 /* [CP] Check Pods Manifest.lock */,
				A27990D71F9AE41500A60788 /* Sources */,
				A27990D81F9AE41500A60788 /* Frameworks */,
				A27990D91F9AE41500A60788 /* Resources */,
				B3516CAE7F6C52D6CB12442A /* [CP] Embed Pods Frameworks */,
				0738152EDC5FA2F8ACBD30AB /* [CP] Copy Pods Resources */,
			);
			buildRules = (
			);
			dependencies = (
			);
			name = ODRIBA;
			productName = ODRIBA;
			productReference = A27990DB1F9AE41500A60788 /* ODRIBA.app */;
			productType = "com.apple.product-type.application";
		};
		A27990EE1F9AE41600A60788 /* ODRIBATests */ = {
			isa = PBXNativeTarget;
			buildConfigurationList = A27991061F9AE41600A60788 /* Build configuration list for PBXNativeTarget "ODRIBATests" */;
			buildPhases = (
				225D57C07F5B2D6869BEB211 /* [CP] Check Pods Manifest.lock */,
				A27990EB1F9AE41600A60788 /* Sources */,
				A27990EC1F9AE41600A60788 /* Frameworks */,
				A27990ED1F9AE41600A60788 /* Resources */,
				E3B1AB947409302AABDE790F /* [CP] Embed Pods Frameworks */,
				29C3A85AD4659ADA79B62BCB /* [CP] Copy Pods Resources */,
			);
			buildRules = (
			);
			dependencies = (
				A27990F11F9AE41600A60788 /* PBXTargetDependency */,
			);
			name = ODRIBATests;
			productName = ODRIBATests;
			productReference = A27990EF1F9AE41600A60788 /* ODRIBATests.xctest */;
			productType = "com.apple.product-type.bundle.unit-test";
		};
		A27990F91F9AE41600A60788 /* ODRIBAUITests */ = {
			isa = PBXNativeTarget;
			buildConfigurationList = A27991091F9AE41600A60788 /* Build configuration list for PBXNativeTarget "ODRIBAUITests" */;
			buildPhases = (
				94FBAC0A5754D50EBAFCBECC /* [CP] Check Pods Manifest.lock */,
				A27990F61F9AE41600A60788 /* Sources */,
				A27990F71F9AE41600A60788 /* Frameworks */,
				A27990F81F9AE41600A60788 /* Resources */,
				35BEBE9ECCA4CE8B49EF3480 /* [CP] Embed Pods Frameworks */,
				1481E365CE5C1E564E91626E /* [CP] Copy Pods Resources */,
			);
			buildRules = (
			);
			dependencies = (
				A27990FC1F9AE41600A60788 /* PBXTargetDependency */,
			);
			name = ODRIBAUITests;
			productName = ODRIBAUITests;
			productReference = A27990FA1F9AE41600A60788 /* ODRIBAUITests.xctest */;
			productType = "com.apple.product-type.bundle.ui-testing";
		};
/* End PBXNativeTarget section */

/* Begin PBXProject section */
		A27990D31F9AE41500A60788 /* Project object */ = {
			isa = PBXProject;
			attributes = {
				LastSwiftUpdateCheck = 0900;
				LastUpgradeCheck = 0900;
				ORGANIZATIONNAME = NichibiAppCircle;
				TargetAttributes = {
					A27990DA1F9AE41500A60788 = {
						CreatedOnToolsVersion = 9.0.1;
						ProvisioningStyle = Automatic;
					};
					A27990EE1F9AE41600A60788 = {
						CreatedOnToolsVersion = 9.0.1;
						ProvisioningStyle = Automatic;
						TestTargetID = A27990DA1F9AE41500A60788;
					};
					A27990F91F9AE41600A60788 = {
						CreatedOnToolsVersion = 9.0.1;
						ProvisioningStyle = Automatic;
						TestTargetID = A27990DA1F9AE41500A60788;
					};
				};
			};
			buildConfigurationList = A27990D61F9AE41500A60788 /* Build configuration list for PBXProject "ODRIBA" */;
			compatibilityVersion = "Xcode 8.0";
			developmentRegion = en;
			hasScannedForEncodings = 0;
			knownRegions = (
				en,
				Base,
			);
			mainGroup = A27990D21F9AE41500A60788;
			productRefGroup = A27990DC1F9AE41500A60788 /* Products */;
			projectDirPath = "";
			projectRoot = "";
			targets = (
				A27990DA1F9AE41500A60788 /* ODRIBA */,
				A27990EE1F9AE41600A60788 /* ODRIBATests */,
				A27990F91F9AE41600A60788 /* ODRIBAUITests */,
			);
		};
/* End PBXProject section */

/* Begin PBXResourcesBuildPhase section */
		A27990D91F9AE41500A60788 /* Resources */ = {
			isa = PBXResourcesBuildPhase;
			buildActionMask = 2147483647;
			files = (
				A2AF7DE81F9ECF7C00117D44 /* information.png in Resources */,
				A27990E91F9AE41500A60788 /* LaunchScreen.storyboard in Resources */,
				A27990E61F9AE41500A60788 /* Assets.xcassets in Resources */,
				A27990E41F9AE41500A60788 /* Main.storyboard in Resources */,
			);
			runOnlyForDeploymentPostprocessing = 0;
		};
		A27990ED1F9AE41600A60788 /* Resources */ = {
			isa = PBXResourcesBuildPhase;
			buildActionMask = 2147483647;
			files = (
			);
			runOnlyForDeploymentPostprocessing = 0;
		};
		A27990F81F9AE41600A60788 /* Resources */ = {
			isa = PBXResourcesBuildPhase;
			buildActionMask = 2147483647;
			files = (
			);
			runOnlyForDeploymentPostprocessing = 0;
		};
/* End PBXResourcesBuildPhase section */

/* Begin PBXShellScriptBuildPhase section */
		0738152EDC5FA2F8ACBD30AB /* [CP] Copy Pods Resources */ = {
			isa = PBXShellScriptBuildPhase;
			buildActionMask = 2147483647;
			files = (
			);
			inputPaths = (
			);
			name = "[CP] Copy Pods Resources";
			outputPaths = (
			);
			runOnlyForDeploymentPostprocessing = 0;
			shellPath = /bin/sh;
			shellScript = "\"${SRCROOT}/Pods/Target Support Files/Pods-ODRIBA/Pods-ODRIBA-resources.sh\"\n";
			showEnvVarsInLog = 0;
		};
		1481E365CE5C1E564E91626E /* [CP] Copy Pods Resources */ = {
			isa = PBXShellScriptBuildPhase;
			buildActionMask = 2147483647;
			files = (
			);
			inputPaths = (
			);
			name = "[CP] Copy Pods Resources";
			outputPaths = (
			);
			runOnlyForDeploymentPostprocessing = 0;
			shellPath = /bin/sh;
			shellScript = "\"${SRCROOT}/Pods/Target Support Files/Pods-ODRIBAUITests/Pods-ODRIBAUITests-resources.sh\"\n";
			showEnvVarsInLog = 0;
		};
		225D57C07F5B2D6869BEB211 /* [CP] Check Pods Manifest.lock */ = {
			isa = PBXShellScriptBuildPhase;
			buildActionMask = 2147483647;
			files = (
			);
			inputPaths = (
			);
			name = "[CP] Check Pods Manifest.lock";
			outputPaths = (
			);
			runOnlyForDeploymentPostprocessing = 0;
			shellPath = /bin/sh;
			shellScript = "diff \"${PODS_PODFILE_DIR_PATH}/Podfile.lock\" \"${PODS_ROOT}/Manifest.lock\" > /dev/null\nif [ $? != 0 ] ; then\n    # print error to STDERR\n    echo \"error: The sandbox is not in sync with the Podfile.lock. Run 'pod install' or update your CocoaPods installation.\" >&2\n    exit 1\nfi\n";
			showEnvVarsInLog = 0;
		};
		29C3A85AD4659ADA79B62BCB /* [CP] Copy Pods Resources */ = {
			isa = PBXShellScriptBuildPhase;
			buildActionMask = 2147483647;
			files = (
			);
			inputPaths = (
			);
			name = "[CP] Copy Pods Resources";
			outputPaths = (
			);
			runOnlyForDeploymentPostprocessing = 0;
			shellPath = /bin/sh;
			shellScript = "\"${SRCROOT}/Pods/Target Support Files/Pods-ODRIBATests/Pods-ODRIBATests-resources.sh\"\n";
			showEnvVarsInLog = 0;
		};
		35BEBE9ECCA4CE8B49EF3480 /* [CP] Embed Pods Frameworks */ = {
			isa = PBXShellScriptBuildPhase;
			buildActionMask = 2147483647;
			files = (
			);
			inputPaths = (
			);
			name = "[CP] Embed Pods Frameworks";
			outputPaths = (
			);
			runOnlyForDeploymentPostprocessing = 0;
			shellPath = /bin/sh;
			shellScript = "\"${SRCROOT}/Pods/Target Support Files/Pods-ODRIBAUITests/Pods-ODRIBAUITests-frameworks.sh\"\n";
			showEnvVarsInLog = 0;
		};
		94FBAC0A5754D50EBAFCBECC /* [CP] Check Pods Manifest.lock */ = {
			isa = PBXShellScriptBuildPhase;
			buildActionMask = 2147483647;
			files = (
			);
			inputPaths = (
			);
			name = "[CP] Check Pods Manifest.lock";
			outputPaths = (
			);
			runOnlyForDeploymentPostprocessing = 0;
			shellPath = /bin/sh;
			shellScript = "diff \"${PODS_PODFILE_DIR_PATH}/Podfile.lock\" \"${PODS_ROOT}/Manifest.lock\" > /dev/null\nif [ $? != 0 ] ; then\n    # print error to STDERR\n    echo \"error: The sandbox is not in sync with the Podfile.lock. Run 'pod install' or update your CocoaPods installation.\" >&2\n    exit 1\nfi\n";
			showEnvVarsInLog = 0;
		};
		B3516CAE7F6C52D6CB12442A /* [CP] Embed Pods Frameworks */ = {
			isa = PBXShellScriptBuildPhase;
			buildActionMask = 2147483647;
			files = (
			);
			inputPaths = (
			);
			name = "[CP] Embed Pods Frameworks";
			outputPaths = (
			);
			runOnlyForDeploymentPostprocessing = 0;
			shellPath = /bin/sh;
			shellScript = "\"${SRCROOT}/Pods/Target Support Files/Pods-ODRIBA/Pods-ODRIBA-frameworks.sh\"\n";
			showEnvVarsInLog = 0;
		};
		B6D42578FDA49A1A3C8C2172 /* [CP] Check Pods Manifest.lock */ = {
			isa = PBXShellScriptBuildPhase;
			buildActionMask = 2147483647;
			files = (
			);
			inputPaths = (
			);
			name = "[CP] Check Pods Manifest.lock";
			outputPaths = (
			);
			runOnlyForDeploymentPostprocessing = 0;
			shellPath = /bin/sh;
			shellScript = "diff \"${PODS_PODFILE_DIR_PATH}/Podfile.lock\" \"${PODS_ROOT}/Manifest.lock\" > /dev/null\nif [ $? != 0 ] ; then\n    # print error to STDERR\n    echo \"error: The sandbox is not in sync with the Podfile.lock. Run 'pod install' or update your CocoaPods installation.\" >&2\n    exit 1\nfi\n";
			showEnvVarsInLog = 0;
		};
		E3B1AB947409302AABDE790F /* [CP] Embed Pods Frameworks */ = {
			isa = PBXShellScriptBuildPhase;
			buildActionMask = 2147483647;
			files = (
			);
			inputPaths = (
			);
			name = "[CP] Embed Pods Frameworks";
			outputPaths = (
			);
			runOnlyForDeploymentPostprocessing = 0;
			shellPath = /bin/sh;
			shellScript = "\"${SRCROOT}/Pods/Target Support Files/Pods-ODRIBATests/Pods-ODRIBATests-frameworks.sh\"\n";
			showEnvVarsInLog = 0;
		};
/* End PBXShellScriptBuildPhase section */

/* Begin PBXSourcesBuildPhase section */
		A27990D71F9AE41500A60788 /* Sources */ = {
			isa = PBXSourcesBuildPhase;
			buildActionMask = 2147483647;
			files = (
				A2AF7DE41F9CD26C00117D44 /* CreditViewController.swift in Sources */,
				A2AF7DE21F9CC5D500117D44 /* AudioManager.swift in Sources */,
				A295258C1F9AF114007BCE3C /* EditViewController.swift in Sources */,
				A27990E11F9AE41500A60788 /* MainViewController.swift in Sources */,
				A27990DF1F9AE41500A60788 /* AppDelegate.swift in Sources */,
				A2A0EE1E1F9AEC900022FD36 /* InvertedTriangleButton.swift in Sources */,
				A2A0EE1D1F9AEC900022FD36 /* TriangleButton.swift in Sources */,
			);
			runOnlyForDeploymentPostprocessing = 0;
		};
		A27990EB1F9AE41600A60788 /* Sources */ = {
			isa = PBXSourcesBuildPhase;
			buildActionMask = 2147483647;
			files = (
				A27990F41F9AE41600A60788 /* ODRIBATests.swift in Sources */,
			);
			runOnlyForDeploymentPostprocessing = 0;
		};
		A27990F61F9AE41600A60788 /* Sources */ = {
			isa = PBXSourcesBuildPhase;
			buildActionMask = 2147483647;
			files = (
				A27990FF1F9AE41600A60788 /* ODRIBAUITests.swift in Sources */,
			);
			runOnlyForDeploymentPostprocessing = 0;
		};
/* End PBXSourcesBuildPhase section */

/* Begin PBXTargetDependency section */
		A27990F11F9AE41600A60788 /* PBXTargetDependency */ = {
			isa = PBXTargetDependency;
			target = A27990DA1F9AE41500A60788 /* ODRIBA */;
			targetProxy = A27990F01F9AE41600A60788 /* PBXContainerItemProxy */;
		};
		A27990FC1F9AE41600A60788 /* PBXTargetDependency */ = {
			isa = PBXTargetDependency;
			target = A27990DA1F9AE41500A60788 /* ODRIBA */;
			targetProxy = A27990FB1F9AE41600A60788 /* PBXContainerItemProxy */;
		};
/* End PBXTargetDependency section */

/* Begin PBXVariantGroup section */
		A27990E21F9AE41500A60788 /* Main.storyboard */ = {
			isa = PBXVariantGroup;
			children = (
				A27990E31F9AE41500A60788 /* Base */,
			);
			name = Main.storyboard;
			sourceTree = "<group>";
		};
		A27990E71F9AE41500A60788 /* LaunchScreen.storyboard */ = {
			isa = PBXVariantGroup;
			children = (
				A27990E81F9AE41500A60788 /* Base */,
			);
			name = LaunchScreen.storyboard;
			sourceTree = "<group>";
		};
/* End PBXVariantGroup section */

/* Begin XCBuildConfiguration section */
		A27991011F9AE41600A60788 /* Debug */ = {
			isa = XCBuildConfiguration;
			buildSettings = {
				ALWAYS_SEARCH_USER_PATHS = NO;
				CLANG_ANALYZER_NONNULL = YES;
				CLANG_ANALYZER_NUMBER_OBJECT_CONVERSION = YES_AGGRESSIVE;
				CLANG_CXX_LANGUAGE_STANDARD = "gnu++14";
				CLANG_CXX_LIBRARY = "libc++";
				CLANG_ENABLE_MODULES = YES;
				CLANG_ENABLE_OBJC_ARC = YES;
				CLANG_WARN_BLOCK_CAPTURE_AUTORELEASING = YES;
				CLANG_WARN_BOOL_CONVERSION = YES;
				CLANG_WARN_COMMA = YES;
				CLANG_WARN_CONSTANT_CONVERSION = YES;
				CLANG_WARN_DIRECT_OBJC_ISA_USAGE = YES_ERROR;
				CLANG_WARN_DOCUMENTATION_COMMENTS = YES;
				CLANG_WARN_EMPTY_BODY = YES;
				CLANG_WARN_ENUM_CONVERSION = YES;
				CLANG_WARN_INFINITE_RECURSION = YES;
				CLANG_WARN_INT_CONVERSION = YES;
				CLANG_WARN_NON_LITERAL_NULL_CONVERSION = YES;
				CLANG_WARN_OBJC_LITERAL_CONVERSION = YES;
				CLANG_WARN_OBJC_ROOT_CLASS = YES_ERROR;
				CLANG_WARN_RANGE_LOOP_ANALYSIS = YES;
				CLANG_WARN_STRICT_PROTOTYPES = YES;
				CLANG_WARN_SUSPICIOUS_MOVE = YES;
				CLANG_WARN_UNGUARDED_AVAILABILITY = YES_AGGRESSIVE;
				CLANG_WARN_UNREACHABLE_CODE = YES;
				CLANG_WARN__DUPLICATE_METHOD_MATCH = YES;
				CODE_SIGN_IDENTITY = "iPhone Developer";
				COPY_PHASE_STRIP = NO;
				DEBUG_INFORMATION_FORMAT = dwarf;
				ENABLE_STRICT_OBJC_MSGSEND = YES;
				ENABLE_TESTABILITY = YES;
				GCC_C_LANGUAGE_STANDARD = gnu11;
				GCC_DYNAMIC_NO_PIC = NO;
				GCC_NO_COMMON_BLOCKS = YES;
				GCC_OPTIMIZATION_LEVEL = 0;
				GCC_PREPROCESSOR_DEFINITIONS = (
					"DEBUG=1",
					"$(inherited)",
				);
				GCC_WARN_64_TO_32_BIT_CONVERSION = YES;
				GCC_WARN_ABOUT_RETURN_TYPE = YES_ERROR;
				GCC_WARN_UNDECLARED_SELECTOR = YES;
				GCC_WARN_UNINITIALIZED_AUTOS = YES_AGGRESSIVE;
				GCC_WARN_UNUSED_FUNCTION = YES;
				GCC_WARN_UNUSED_VARIABLE = YES;
				IPHONEOS_DEPLOYMENT_TARGET = 9.0;
				MTL_ENABLE_DEBUG_INFO = YES;
				ONLY_ACTIVE_ARCH = YES;
				SDKROOT = iphoneos;
				SWIFT_ACTIVE_COMPILATION_CONDITIONS = DEBUG;
				SWIFT_OPTIMIZATION_LEVEL = "-Onone";
			};
			name = Debug;
		};
		A27991021F9AE41600A60788 /* Release */ = {
			isa = XCBuildConfiguration;
			buildSettings = {
				ALWAYS_SEARCH_USER_PATHS = NO;
				CLANG_ANALYZER_NONNULL = YES;
				CLANG_ANALYZER_NUMBER_OBJECT_CONVERSION = YES_AGGRESSIVE;
				CLANG_CXX_LANGUAGE_STANDARD = "gnu++14";
				CLANG_CXX_LIBRARY = "libc++";
				CLANG_ENABLE_MODULES = YES;
				CLANG_ENABLE_OBJC_ARC = YES;
				CLANG_WARN_BLOCK_CAPTURE_AUTORELEASING = YES;
				CLANG_WARN_BOOL_CONVERSION = YES;
				CLANG_WARN_COMMA = YES;
				CLANG_WARN_CONSTANT_CONVERSION = YES;
				CLANG_WARN_DIRECT_OBJC_ISA_USAGE = YES_ERROR;
				CLANG_WARN_DOCUMENTATION_COMMENTS = YES;
				CLANG_WARN_EMPTY_BODY = YES;
				CLANG_WARN_ENUM_CONVERSION = YES;
				CLANG_WARN_INFINITE_RECURSION = YES;
				CLANG_WARN_INT_CONVERSION = YES;
				CLANG_WARN_NON_LITERAL_NULL_CONVERSION = YES;
				CLANG_WARN_OBJC_LITERAL_CONVERSION = YES;
				CLANG_WARN_OBJC_ROOT_CLASS = YES_ERROR;
				CLANG_WARN_RANGE_LOOP_ANALYSIS = YES;
				CLANG_WARN_STRICT_PROTOTYPES = YES;
				CLANG_WARN_SUSPICIOUS_MOVE = YES;
				CLANG_WARN_UNGUARDED_AVAILABILITY = YES_AGGRESSIVE;
				CLANG_WARN_UNREACHABLE_CODE = YES;
				CLANG_WARN__DUPLICATE_METHOD_MATCH = YES;
				CODE_SIGN_IDENTITY = "iPhone Developer";
				COPY_PHASE_STRIP = NO;
				DEBUG_INFORMATION_FORMAT = "dwarf-with-dsym";
				ENABLE_NS_ASSERTIONS = NO;
				ENABLE_STRICT_OBJC_MSGSEND = YES;
				GCC_C_LANGUAGE_STANDARD = gnu11;
				GCC_NO_COMMON_BLOCKS = YES;
				GCC_WARN_64_TO_32_BIT_CONVERSION = YES;
				GCC_WARN_ABOUT_RETURN_TYPE = YES_ERROR;
				GCC_WARN_UNDECLARED_SELECTOR = YES;
				GCC_WARN_UNINITIALIZED_AUTOS = YES_AGGRESSIVE;
				GCC_WARN_UNUSED_FUNCTION = YES;
				GCC_WARN_UNUSED_VARIABLE = YES;
				IPHONEOS_DEPLOYMENT_TARGET = 9.0;
				MTL_ENABLE_DEBUG_INFO = NO;
				SDKROOT = iphoneos;
				SWIFT_OPTIMIZATION_LEVEL = "-Owholemodule";
				VALIDATE_PRODUCT = YES;
			};
			name = Release;
		};
		A27991041F9AE41600A60788 /* Debug */ = {
			isa = XCBuildConfiguration;
			baseConfigurationReference = E394F753D993EF09BD51FC5D /* Pods-ODRIBA.debug.xcconfig */;
			buildSettings = {
				ASSETCATALOG_COMPILER_APPICON_NAME = AppIcon;
				CODE_SIGN_STYLE = Automatic;
				DEVELOPMENT_TEAM = 3DQ4H3V5PW;
				INFOPLIST_FILE = ODRIBA/Info.plist;
				IPHONEOS_DEPLOYMENT_TARGET = 9.0;
				LD_RUNPATH_SEARCH_PATHS = "$(inherited) @executable_path/Frameworks";
				PRODUCT_BUNDLE_IDENTIFIER = com.NichibiAppCircle.ODRIBA;
				PRODUCT_NAME = "$(TARGET_NAME)";
				SWIFT_VERSION = 4.0;
				TARGETED_DEVICE_FAMILY = 1;
			};
			name = Debug;
		};
		A27991051F9AE41600A60788 /* Release */ = {
			isa = XCBuildConfiguration;
			baseConfigurationReference = 9A4BBE1510B4CA5B2026D208 /* Pods-ODRIBA.release.xcconfig */;
			buildSettings = {
				ASSETCATALOG_COMPILER_APPICON_NAME = AppIcon;
				CODE_SIGN_STYLE = Automatic;
				DEVELOPMENT_TEAM = 3DQ4H3V5PW;
				INFOPLIST_FILE = ODRIBA/Info.plist;
				IPHONEOS_DEPLOYMENT_TARGET = 9.0;
				LD_RUNPATH_SEARCH_PATHS = "$(inherited) @executable_path/Frameworks";
				PRODUCT_BUNDLE_IDENTIFIER = com.NichibiAppCircle.ODRIBA;
				PRODUCT_NAME = "$(TARGET_NAME)";
				SWIFT_VERSION = 4.0;
				TARGETED_DEVICE_FAMILY = 1;
			};
			name = Release;
		};
		A27991071F9AE41600A60788 /* Debug */ = {
			isa = XCBuildConfiguration;
			baseConfigurationReference = 7CFAA26B44D5E9A83DCA1D79 /* Pods-ODRIBATests.debug.xcconfig */;
			buildSettings = {
				ALWAYS_EMBED_SWIFT_STANDARD_LIBRARIES = YES;
				BUNDLE_LOADER = "$(TEST_HOST)";
				CODE_SIGN_STYLE = Automatic;
				INFOPLIST_FILE = ODRIBATests/Info.plist;
				LD_RUNPATH_SEARCH_PATHS = "$(inherited) @executable_path/Frameworks @loader_path/Frameworks";
				PRODUCT_BUNDLE_IDENTIFIER = com.NichibiAppCircle.ODRIBATests;
				PRODUCT_NAME = "$(TARGET_NAME)";
				SWIFT_VERSION = 4.0;
				TARGETED_DEVICE_FAMILY = "1,2";
				TEST_HOST = "$(BUILT_PRODUCTS_DIR)/ODRIBA.app/ODRIBA";
			};
			name = Debug;
		};
		A27991081F9AE41600A60788 /* Release */ = {
			isa = XCBuildConfiguration;
			baseConfigurationReference = CF6C837B16E458B602C78F98 /* Pods-ODRIBATests.release.xcconfig */;
			buildSettings = {
				ALWAYS_EMBED_SWIFT_STANDARD_LIBRARIES = YES;
				BUNDLE_LOADER = "$(TEST_HOST)";
				CODE_SIGN_STYLE = Automatic;
				INFOPLIST_FILE = ODRIBATests/Info.plist;
				LD_RUNPATH_SEARCH_PATHS = "$(inherited) @executable_path/Frameworks @loader_path/Frameworks";
				PRODUCT_BUNDLE_IDENTIFIER = com.NichibiAppCircle.ODRIBATests;
				PRODUCT_NAME = "$(TARGET_NAME)";
				SWIFT_VERSION = 4.0;
				TARGETED_DEVICE_FAMILY = "1,2";
				TEST_HOST = "$(BUILT_PRODUCTS_DIR)/ODRIBA.app/ODRIBA";
			};
			name = Release;
		};
		A279910A1F9AE41600A60788 /* Debug */ = {
			isa = XCBuildConfiguration;
			baseConfigurationReference = 335C27C22A8D20900FFC3C92 /* Pods-ODRIBAUITests.debug.xcconfig */;
			buildSettings = {
				ALWAYS_EMBED_SWIFT_STANDARD_LIBRARIES = YES;
				CODE_SIGN_STYLE = Automatic;
				INFOPLIST_FILE = ODRIBAUITests/Info.plist;
				LD_RUNPATH_SEARCH_PATHS = "$(inherited) @executable_path/Frameworks @loader_path/Frameworks";
				PRODUCT_BUNDLE_IDENTIFIER = com.NichibiAppCircle.ODRIBAUITests;
				PRODUCT_NAME = "$(TARGET_NAME)";
				SWIFT_VERSION = 4.0;
				TARGETED_DEVICE_FAMILY = "1,2";
				TEST_TARGET_NAME = ODRIBA;
			};
			name = Debug;
		};
		A279910B1F9AE41600A60788 /* Release */ = {
			isa = XCBuildConfiguration;
			baseConfigurationReference = EA6EA7F45C0553B1A469A566 /* Pods-ODRIBAUITests.release.xcconfig */;
			buildSettings = {
				ALWAYS_EMBED_SWIFT_STANDARD_LIBRARIES = YES;
				CODE_SIGN_STYLE = Automatic;
				INFOPLIST_FILE = ODRIBAUITests/Info.plist;
				LD_RUNPATH_SEARCH_PATHS = "$(inherited) @executable_path/Frameworks @loader_path/Frameworks";
				PRODUCT_BUNDLE_IDENTIFIER = com.NichibiAppCircle.ODRIBAUITests;
				PRODUCT_NAME = "$(TARGET_NAME)";
				SWIFT_VERSION = 4.0;
				TARGETED_DEVICE_FAMILY = "1,2";
				TEST_TARGET_NAME = ODRIBA;
			};
			name = Release;
		};
/* End XCBuildConfiguration section */

/* Begin XCConfigurationList section */
		A27990D61F9AE41500A60788 /* Build configuration list for PBXProject "ODRIBA" */ = {
			isa = XCConfigurationList;
			buildConfigurations = (
				A27991011F9AE41600A60788 /* Debug */,
				A27991021F9AE41600A60788 /* Release */,
			);
			defaultConfigurationIsVisible = 0;
			defaultConfigurationName = Release;
		};
		A27991031F9AE41600A60788 /* Build configuration list for PBXNativeTarget "ODRIBA" */ = {
			isa = XCConfigurationList;
			buildConfigurations = (
				A27991041F9AE41600A60788 /* Debug */,
				A27991051F9AE41600A60788 /* Release */,
			);
			defaultConfigurationIsVisible = 0;
			defaultConfigurationName = Release;
		};
		A27991061F9AE41600A60788 /* Build configuration list for PBXNativeTarget "ODRIBATests" */ = {
			isa = XCConfigurationList;
			buildConfigurations = (
				A27991071F9AE41600A60788 /* Debug */,
				A27991081F9AE41600A60788 /* Release */,
			);
			defaultConfigurationIsVisible = 0;
			defaultConfigurationName = Release;
		};
		A27991091F9AE41600A60788 /* Build configuration list for PBXNativeTarget "ODRIBAUITests" */ = {
			isa = XCConfigurationList;
			buildConfigurations = (
				A279910A1F9AE41600A60788 /* Debug */,
				A279910B1F9AE41600A60788 /* Release */,
			);
			defaultConfigurationIsVisible = 0;
			defaultConfigurationName = Release;
		};
/* End XCConfigurationList section */
	};
	rootObject = A27990D31F9AE41500A60788 /* Project object */;
}
